// !$*UTF8*$!
{
	archiveVersion = 1;
	classes = {
	};
	objectVersion = 46;
	objects = {

/* Begin PBXBuildFile section */
		2146E5DD1C04949600932B3E /* ofxXmlSettings.cpp in Sources */ = {isa = PBXBuildFile; fileRef = 2146E5D61C04949600932B3E /* ofxXmlSettings.cpp */; };
		2146E5DE1C04949600932B3E /* tinyxml.cpp in Sources */ = {isa = PBXBuildFile; fileRef = 2146E5D91C04949600932B3E /* tinyxml.cpp */; };
		2146E5DF1C04949600932B3E /* tinyxmlerror.cpp in Sources */ = {isa = PBXBuildFile; fileRef = 2146E5DB1C04949600932B3E /* tinyxmlerror.cpp */; };
		2146E5E01C04949600932B3E /* tinyxmlparser.cpp in Sources */ = {isa = PBXBuildFile; fileRef = 2146E5DC1C04949600932B3E /* tinyxmlparser.cpp */; };
		2146E60C1C04949F00932B3E /* ofxOscBundle.cpp in Sources */ = {isa = PBXBuildFile; fileRef = 2146E5E51C04949F00932B3E /* ofxOscBundle.cpp */; };
		2146E60D1C04949F00932B3E /* ofxOscMessage.cpp in Sources */ = {isa = PBXBuildFile; fileRef = 2146E5E71C04949F00932B3E /* ofxOscMessage.cpp */; };
		2146E60E1C04949F00932B3E /* ofxOscParameterSync.cpp in Sources */ = {isa = PBXBuildFile; fileRef = 2146E5E91C04949F00932B3E /* ofxOscParameterSync.cpp */; };
		2146E60F1C04949F00932B3E /* ofxOscReceiver.cpp in Sources */ = {isa = PBXBuildFile; fileRef = 2146E5EB1C04949F00932B3E /* ofxOscReceiver.cpp */; };
		2146E6101C04949F00932B3E /* ofxOscSender.cpp in Sources */ = {isa = PBXBuildFile; fileRef = 2146E5ED1C04949F00932B3E /* ofxOscSender.cpp */; };
		2146E6111C04949F00932B3E /* IpEndpointName.cpp in Sources */ = {isa = PBXBuildFile; fileRef = 2146E5F31C04949F00932B3E /* IpEndpointName.cpp */; };
		2146E6121C04949F00932B3E /* NetworkingUtils.cpp in Sources */ = {isa = PBXBuildFile; fileRef = 2146E5F81C04949F00932B3E /* NetworkingUtils.cpp */; };
		2146E6131C04949F00932B3E /* UdpSocket.cpp in Sources */ = {isa = PBXBuildFile; fileRef = 2146E5F91C04949F00932B3E /* UdpSocket.cpp */; };
		2146E6141C04949F00932B3E /* OscOutboundPacketStream.cpp in Sources */ = {isa = PBXBuildFile; fileRef = 2146E6031C04949F00932B3E /* OscOutboundPacketStream.cpp */; };
		2146E6151C04949F00932B3E /* OscPrintReceivedElements.cpp in Sources */ = {isa = PBXBuildFile; fileRef = 2146E6061C04949F00932B3E /* OscPrintReceivedElements.cpp */; };
		2146E6161C04949F00932B3E /* OscReceivedElements.cpp in Sources */ = {isa = PBXBuildFile; fileRef = 2146E6081C04949F00932B3E /* OscReceivedElements.cpp */; };
		2146E6171C04949F00932B3E /* OscTypes.cpp in Sources */ = {isa = PBXBuildFile; fileRef = 2146E60A1C04949F00932B3E /* OscTypes.cpp */; };
		2146E6491C0495B900932B3E /* ofxRtMidiIn.cpp in Sources */ = {isa = PBXBuildFile; fileRef = 2146E61C1C0495B900932B3E /* ofxRtMidiIn.cpp */; };
		2146E64A1C0495B900932B3E /* ofxRtMidiOut.cpp in Sources */ = {isa = PBXBuildFile; fileRef = 2146E61E1C0495B900932B3E /* ofxRtMidiOut.cpp */; };
		2146E64B1C0495B900932B3E /* ofxBaseMidi.cpp in Sources */ = {isa = PBXBuildFile; fileRef = 2146E62B1C0495B900932B3E /* ofxBaseMidi.cpp */; };
		2146E64C1C0495B900932B3E /* ofxMidi.cpp in Sources */ = {isa = PBXBuildFile; fileRef = 2146E62D1C0495B900932B3E /* ofxMidi.cpp */; };
		2146E64D1C0495B900932B3E /* ofxMidiIn.cpp in Sources */ = {isa = PBXBuildFile; fileRef = 2146E6301C0495B900932B3E /* ofxMidiIn.cpp */; };
		2146E64E1C0495B900932B3E /* ofxMidiMessage.cpp in Sources */ = {isa = PBXBuildFile; fileRef = 2146E6321C0495B900932B3E /* ofxMidiMessage.cpp */; };
		2146E64F1C0495B900932B3E /* ofxMidiOut.cpp in Sources */ = {isa = PBXBuildFile; fileRef = 2146E6341C0495B900932B3E /* ofxMidiOut.cpp */; };
		2146E6501C0495B900932B3E /* RtMidi.cpp in Sources */ = {isa = PBXBuildFile; fileRef = 2146E6441C0495B900932B3E /* RtMidi.cpp */; };
		2146E6511C0495B900932B3E /* CoreMIDI.framework in Frameworks */ = {isa = PBXBuildFile; fileRef = 2146E6461C0495B900932B3E /* CoreMIDI.framework */; };
		2146E6521C0495B900932B3E /* CoreMIDI.framework in CopyFiles */ = {isa = PBXBuildFile; fileRef = 2146E6461C0495B900932B3E /* CoreMIDI.framework */; settings = {ATTRIBUTES = (CodeSignOnCopy, RemoveHeadersOnCopy, ); }; };
		E4328149138ABC9F0047C5CB /* openFrameworksDebug.a in Frameworks */ = {isa = PBXBuildFile; fileRef = E4328148138ABC890047C5CB /* openFrameworksDebug.a */; };
		E4B69E200A3A1BDC003C02F2 /* main.cpp in Sources */ = {isa = PBXBuildFile; fileRef = E4B69E1D0A3A1BDC003C02F2 /* main.cpp */; };
		E4B69E210A3A1BDC003C02F2 /* ofApp.cpp in Sources */ = {isa = PBXBuildFile; fileRef = E4B69E1E0A3A1BDC003C02F2 /* ofApp.cpp */; };
/* End PBXBuildFile section */

/* Begin PBXContainerItemProxy section */
		E4328147138ABC890047C5CB /* PBXContainerItemProxy */ = {
			isa = PBXContainerItemProxy;
			containerPortal = E4328143138ABC890047C5CB /* openFrameworksLib.xcodeproj */;
			proxyType = 2;
			remoteGlobalIDString = E4B27C1510CBEB8E00536013;
			remoteInfo = openFrameworks;
		};
		E4EEB9AB138B136A00A80321 /* PBXContainerItemProxy */ = {
			isa = PBXContainerItemProxy;
			containerPortal = E4328143138ABC890047C5CB /* openFrameworksLib.xcodeproj */;
			proxyType = 1;
			remoteGlobalIDString = E4B27C1410CBEB8E00536013;
			remoteInfo = openFrameworks;
		};
/* End PBXContainerItemProxy section */

/* Begin PBXCopyFilesBuildPhase section */
		E4C2427710CC5ABF004149E2 /* CopyFiles */ = {
			isa = PBXCopyFilesBuildPhase;
			buildActionMask = 2147483647;
			dstPath = "";
			dstSubfolderSpec = 10;
			files = (
				2146E6521C0495B900932B3E /* CoreMIDI.framework in CopyFiles */,
			);
			runOnlyForDeploymentPostprocessing = 0;
		};
/* End PBXCopyFilesBuildPhase section */

/* Begin PBXFileReference section */
		2146E5C91C04944000932B3E /* XmlSetting.h */ = {isa = PBXFileReference; lastKnownFileType = sourcecode.c.h; path = XmlSetting.h; sourceTree = "<group>"; };
		2146E5CB1C04944000932B3E /* MidiController.h */ = {isa = PBXFileReference; lastKnownFileType = sourcecode.c.h; path = MidiController.h; sourceTree = "<group>"; };
		2146E5CD1C04944000932B3E /* KineticShape.h */ = {isa = PBXFileReference; lastKnownFileType = sourcecode.c.h; path = KineticShape.h; sourceTree = "<group>"; };
		2146E5CE1C04944000932B3E /* ParticleSystem.h */ = {isa = PBXFileReference; lastKnownFileType = sourcecode.c.h; path = ParticleSystem.h; sourceTree = "<group>"; };
		2146E5CF1C04944000932B3E /* SpriteManager.h */ = {isa = PBXFileReference; lastKnownFileType = sourcecode.c.h; path = SpriteManager.h; sourceTree = "<group>"; };
		2146E5D31C04944000932B3E /* FandamentalShapeRect.h */ = {isa = PBXFileReference; lastKnownFileType = sourcecode.c.h; path = FandamentalShapeRect.h; sourceTree = "<group>"; };
		2146E5D61C04949600932B3E /* ofxXmlSettings.cpp */ = {isa = PBXFileReference; lastKnownFileType = sourcecode.cpp.cpp; path = ofxXmlSettings.cpp; sourceTree = "<group>"; };
		2146E5D71C04949600932B3E /* ofxXmlSettings.h */ = {isa = PBXFileReference; lastKnownFileType = sourcecode.c.h; path = ofxXmlSettings.h; sourceTree = "<group>"; };
		2146E5D91C04949600932B3E /* tinyxml.cpp */ = {isa = PBXFileReference; lastKnownFileType = sourcecode.cpp.cpp; path = tinyxml.cpp; sourceTree = "<group>"; };
		2146E5DA1C04949600932B3E /* tinyxml.h */ = {isa = PBXFileReference; lastKnownFileType = sourcecode.c.h; path = tinyxml.h; sourceTree = "<group>"; };
		2146E5DB1C04949600932B3E /* tinyxmlerror.cpp */ = {isa = PBXFileReference; lastKnownFileType = sourcecode.cpp.cpp; path = tinyxmlerror.cpp; sourceTree = "<group>"; };
		2146E5DC1C04949600932B3E /* tinyxmlparser.cpp */ = {isa = PBXFileReference; lastKnownFileType = sourcecode.cpp.cpp; path = tinyxmlparser.cpp; sourceTree = "<group>"; };
		2146E5E31C04949F00932B3E /* ofxOsc.h */ = {isa = PBXFileReference; lastKnownFileType = sourcecode.c.h; path = ofxOsc.h; sourceTree = "<group>"; };
		2146E5E41C04949F00932B3E /* ofxOscArg.h */ = {isa = PBXFileReference; lastKnownFileType = sourcecode.c.h; path = ofxOscArg.h; sourceTree = "<group>"; };
		2146E5E51C04949F00932B3E /* ofxOscBundle.cpp */ = {isa = PBXFileReference; lastKnownFileType = sourcecode.cpp.cpp; path = ofxOscBundle.cpp; sourceTree = "<group>"; };
		2146E5E61C04949F00932B3E /* ofxOscBundle.h */ = {isa = PBXFileReference; lastKnownFileType = sourcecode.c.h; path = ofxOscBundle.h; sourceTree = "<group>"; };
		2146E5E71C04949F00932B3E /* ofxOscMessage.cpp */ = {isa = PBXFileReference; lastKnownFileType = sourcecode.cpp.cpp; path = ofxOscMessage.cpp; sourceTree = "<group>"; };
		2146E5E81C04949F00932B3E /* ofxOscMessage.h */ = {isa = PBXFileReference; lastKnownFileType = sourcecode.c.h; path = ofxOscMessage.h; sourceTree = "<group>"; };
		2146E5E91C04949F00932B3E /* ofxOscParameterSync.cpp */ = {isa = PBXFileReference; lastKnownFileType = sourcecode.cpp.cpp; path = ofxOscParameterSync.cpp; sourceTree = "<group>"; };
		2146E5EA1C04949F00932B3E /* ofxOscParameterSync.h */ = {isa = PBXFileReference; lastKnownFileType = sourcecode.c.h; path = ofxOscParameterSync.h; sourceTree = "<group>"; };
		2146E5EB1C04949F00932B3E /* ofxOscReceiver.cpp */ = {isa = PBXFileReference; lastKnownFileType = sourcecode.cpp.cpp; path = ofxOscReceiver.cpp; sourceTree = "<group>"; };
		2146E5EC1C04949F00932B3E /* ofxOscReceiver.h */ = {isa = PBXFileReference; lastKnownFileType = sourcecode.c.h; path = ofxOscReceiver.h; sourceTree = "<group>"; };
		2146E5ED1C04949F00932B3E /* ofxOscSender.cpp */ = {isa = PBXFileReference; lastKnownFileType = sourcecode.cpp.cpp; path = ofxOscSender.cpp; sourceTree = "<group>"; };
		2146E5EE1C04949F00932B3E /* ofxOscSender.h */ = {isa = PBXFileReference; lastKnownFileType = sourcecode.c.h; path = ofxOscSender.h; sourceTree = "<group>"; };
		2146E5F31C04949F00932B3E /* IpEndpointName.cpp */ = {isa = PBXFileReference; lastKnownFileType = sourcecode.cpp.cpp; path = IpEndpointName.cpp; sourceTree = "<group>"; };
		2146E5F41C04949F00932B3E /* IpEndpointName.h */ = {isa = PBXFileReference; lastKnownFileType = sourcecode.c.h; path = IpEndpointName.h; sourceTree = "<group>"; };
		2146E5F51C04949F00932B3E /* NetworkingUtils.h */ = {isa = PBXFileReference; lastKnownFileType = sourcecode.c.h; path = NetworkingUtils.h; sourceTree = "<group>"; };
		2146E5F61C04949F00932B3E /* PacketListener.h */ = {isa = PBXFileReference; lastKnownFileType = sourcecode.c.h; path = PacketListener.h; sourceTree = "<group>"; };
		2146E5F81C04949F00932B3E /* NetworkingUtils.cpp */ = {isa = PBXFileReference; lastKnownFileType = sourcecode.cpp.cpp; path = NetworkingUtils.cpp; sourceTree = "<group>"; };
		2146E5F91C04949F00932B3E /* UdpSocket.cpp */ = {isa = PBXFileReference; lastKnownFileType = sourcecode.cpp.cpp; path = UdpSocket.cpp; sourceTree = "<group>"; };
		2146E5FA1C04949F00932B3E /* TimerListener.h */ = {isa = PBXFileReference; lastKnownFileType = sourcecode.c.h; path = TimerListener.h; sourceTree = "<group>"; };
		2146E5FB1C04949F00932B3E /* UdpSocket.h */ = {isa = PBXFileReference; lastKnownFileType = sourcecode.c.h; path = UdpSocket.h; sourceTree = "<group>"; };
		2146E6001C04949F00932B3E /* MessageMappingOscPacketListener.h */ = {isa = PBXFileReference; lastKnownFileType = sourcecode.c.h; path = MessageMappingOscPacketListener.h; sourceTree = "<group>"; };
		2146E6011C04949F00932B3E /* OscException.h */ = {isa = PBXFileReference; lastKnownFileType = sourcecode.c.h; path = OscException.h; sourceTree = "<group>"; };
		2146E6021C04949F00932B3E /* OscHostEndianness.h */ = {isa = PBXFileReference; lastKnownFileType = sourcecode.c.h; path = OscHostEndianness.h; sourceTree = "<group>"; };
		2146E6031C04949F00932B3E /* OscOutboundPacketStream.cpp */ = {isa = PBXFileReference; lastKnownFileType = sourcecode.cpp.cpp; path = OscOutboundPacketStream.cpp; sourceTree = "<group>"; };
		2146E6041C04949F00932B3E /* OscOutboundPacketStream.h */ = {isa = PBXFileReference; lastKnownFileType = sourcecode.c.h; path = OscOutboundPacketStream.h; sourceTree = "<group>"; };
		2146E6051C04949F00932B3E /* OscPacketListener.h */ = {isa = PBXFileReference; lastKnownFileType = sourcecode.c.h; path = OscPacketListener.h; sourceTree = "<group>"; };
		2146E6061C04949F00932B3E /* OscPrintReceivedElements.cpp */ = {isa = PBXFileReference; lastKnownFileType = sourcecode.cpp.cpp; path = OscPrintReceivedElements.cpp; sourceTree = "<group>"; };
		2146E6071C04949F00932B3E /* OscPrintReceivedElements.h */ = {isa = PBXFileReference; lastKnownFileType = sourcecode.c.h; path = OscPrintReceivedElements.h; sourceTree = "<group>"; };
		2146E6081C04949F00932B3E /* OscReceivedElements.cpp */ = {isa = PBXFileReference; lastKnownFileType = sourcecode.cpp.cpp; path = OscReceivedElements.cpp; sourceTree = "<group>"; };
		2146E6091C04949F00932B3E /* OscReceivedElements.h */ = {isa = PBXFileReference; lastKnownFileType = sourcecode.c.h; path = OscReceivedElements.h; sourceTree = "<group>"; };
		2146E60A1C04949F00932B3E /* OscTypes.cpp */ = {isa = PBXFileReference; lastKnownFileType = sourcecode.cpp.cpp; path = OscTypes.cpp; sourceTree = "<group>"; };
		2146E60B1C04949F00932B3E /* OscTypes.h */ = {isa = PBXFileReference; lastKnownFileType = sourcecode.c.h; path = OscTypes.h; sourceTree = "<group>"; };
		2146E6181C0494CE00932B3E /* ofxOregaYokuTsukau.h */ = {isa = PBXFileReference; lastKnownFileType = sourcecode.c.h; path = ofxOregaYokuTsukau.h; sourceTree = "<group>"; };
		2146E61C1C0495B900932B3E /* ofxRtMidiIn.cpp */ = {isa = PBXFileReference; lastKnownFileType = sourcecode.cpp.cpp; path = ofxRtMidiIn.cpp; sourceTree = "<group>"; };
		2146E61D1C0495B900932B3E /* ofxRtMidiIn.h */ = {isa = PBXFileReference; lastKnownFileType = sourcecode.c.h; path = ofxRtMidiIn.h; sourceTree = "<group>"; };
		2146E61E1C0495B900932B3E /* ofxRtMidiOut.cpp */ = {isa = PBXFileReference; lastKnownFileType = sourcecode.cpp.cpp; path = ofxRtMidiOut.cpp; sourceTree = "<group>"; };
		2146E61F1C0495B900932B3E /* ofxRtMidiOut.h */ = {isa = PBXFileReference; lastKnownFileType = sourcecode.c.h; path = ofxRtMidiOut.h; sourceTree = "<group>"; };
		2146E62B1C0495B900932B3E /* ofxBaseMidi.cpp */ = {isa = PBXFileReference; lastKnownFileType = sourcecode.cpp.cpp; path = ofxBaseMidi.cpp; sourceTree = "<group>"; };
		2146E62C1C0495B900932B3E /* ofxBaseMidi.h */ = {isa = PBXFileReference; lastKnownFileType = sourcecode.c.h; path = ofxBaseMidi.h; sourceTree = "<group>"; };
		2146E62D1C0495B900932B3E /* ofxMidi.cpp */ = {isa = PBXFileReference; lastKnownFileType = sourcecode.cpp.cpp; path = ofxMidi.cpp; sourceTree = "<group>"; };
		2146E62E1C0495B900932B3E /* ofxMidi.h */ = {isa = PBXFileReference; lastKnownFileType = sourcecode.c.h; path = ofxMidi.h; sourceTree = "<group>"; };
		2146E62F1C0495B900932B3E /* ofxMidiConstants.h */ = {isa = PBXFileReference; lastKnownFileType = sourcecode.c.h; path = ofxMidiConstants.h; sourceTree = "<group>"; };
		2146E6301C0495B900932B3E /* ofxMidiIn.cpp */ = {isa = PBXFileReference; lastKnownFileType = sourcecode.cpp.cpp; path = ofxMidiIn.cpp; sourceTree = "<group>"; };
		2146E6311C0495B900932B3E /* ofxMidiIn.h */ = {isa = PBXFileReference; lastKnownFileType = sourcecode.c.h; path = ofxMidiIn.h; sourceTree = "<group>"; };
		2146E6321C0495B900932B3E /* ofxMidiMessage.cpp */ = {isa = PBXFileReference; lastKnownFileType = sourcecode.cpp.cpp; path = ofxMidiMessage.cpp; sourceTree = "<group>"; };
		2146E6331C0495B900932B3E /* ofxMidiMessage.h */ = {isa = PBXFileReference; lastKnownFileType = sourcecode.c.h; path = ofxMidiMessage.h; sourceTree = "<group>"; };
		2146E6341C0495B900932B3E /* ofxMidiOut.cpp */ = {isa = PBXFileReference; lastKnownFileType = sourcecode.cpp.cpp; path = ofxMidiOut.cpp; sourceTree = "<group>"; };
		2146E6351C0495B900932B3E /* ofxMidiOut.h */ = {isa = PBXFileReference; lastKnownFileType = sourcecode.c.h; path = ofxMidiOut.h; sourceTree = "<group>"; };
		2146E6361C0495B900932B3E /* ofxMidiTypes.h */ = {isa = PBXFileReference; lastKnownFileType = sourcecode.c.h; path = ofxMidiTypes.h; sourceTree = "<group>"; };
		2146E6431C0495B900932B3E /* readme */ = {isa = PBXFileReference; lastKnownFileType = text; path = readme; sourceTree = "<group>"; };
		2146E6441C0495B900932B3E /* RtMidi.cpp */ = {isa = PBXFileReference; lastKnownFileType = sourcecode.cpp.cpp; path = RtMidi.cpp; sourceTree = "<group>"; };
		2146E6451C0495B900932B3E /* RtMidi.h */ = {isa = PBXFileReference; lastKnownFileType = sourcecode.c.h; path = RtMidi.h; sourceTree = "<group>"; };
		2146E6461C0495B900932B3E /* CoreMIDI.framework */ = {isa = PBXFileReference; lastKnownFileType = wrapper.framework; name = CoreMIDI.framework; path = ../../../../../../../System/Library/Frameworks/CoreMIDI.framework; sourceTree = "<group>"; };
		E4328143138ABC890047C5CB /* openFrameworksLib.xcodeproj */ = {isa = PBXFileReference; lastKnownFileType = "wrapper.pb-project"; name = openFrameworksLib.xcodeproj; path = ../../../libs/openFrameworksCompiled/project/osx/openFrameworksLib.xcodeproj; sourceTree = SOURCE_ROOT; };
		E4B69B5B0A3A1756003C02F2 /* sembonzakuraDebug.app */ = {isa = PBXFileReference; explicitFileType = wrapper.application; includeInIndex = 0; path = sembonzakuraDebug.app; sourceTree = BUILT_PRODUCTS_DIR; };
		E4B69E1D0A3A1BDC003C02F2 /* main.cpp */ = {isa = PBXFileReference; fileEncoding = 30; lastKnownFileType = sourcecode.cpp.cpp; name = main.cpp; path = src/main.cpp; sourceTree = SOURCE_ROOT; };
		E4B69E1E0A3A1BDC003C02F2 /* ofApp.cpp */ = {isa = PBXFileReference; explicitFileType = sourcecode.cpp.cpp; fileEncoding = 30; name = ofApp.cpp; path = src/ofApp.cpp; sourceTree = SOURCE_ROOT; };
		E4B69E1F0A3A1BDC003C02F2 /* ofApp.h */ = {isa = PBXFileReference; fileEncoding = 30; lastKnownFileType = sourcecode.c.h; name = ofApp.h; path = src/ofApp.h; sourceTree = SOURCE_ROOT; };
		E4B6FCAD0C3E899E008CF71C /* openFrameworks-Info.plist */ = {isa = PBXFileReference; fileEncoding = 30; lastKnownFileType = text.plist.xml; path = "openFrameworks-Info.plist"; sourceTree = "<group>"; };
		E4EB691F138AFCF100A09F29 /* CoreOF.xcconfig */ = {isa = PBXFileReference; fileEncoding = 4; lastKnownFileType = text.xcconfig; name = CoreOF.xcconfig; path = ../../../libs/openFrameworksCompiled/project/osx/CoreOF.xcconfig; sourceTree = SOURCE_ROOT; };
		E4EB6923138AFD0F00A09F29 /* Project.xcconfig */ = {isa = PBXFileReference; fileEncoding = 4; lastKnownFileType = text.xcconfig; path = Project.xcconfig; sourceTree = "<group>"; };
/* End PBXFileReference section */

/* Begin PBXFrameworksBuildPhase section */
		E4B69B590A3A1756003C02F2 /* Frameworks */ = {
			isa = PBXFrameworksBuildPhase;
			buildActionMask = 2147483647;
			files = (
				2146E6511C0495B900932B3E /* CoreMIDI.framework in Frameworks */,
				E4328149138ABC9F0047C5CB /* openFrameworksDebug.a in Frameworks */,
			);
			runOnlyForDeploymentPostprocessing = 0;
		};
/* End PBXFrameworksBuildPhase section */

/* Begin PBXGroup section */
		2146E5C71C04944000932B3E /* Arrangers */ = {
			isa = PBXGroup;
			children = (
			);
			path = Arrangers;
			sourceTree = "<group>";
		};
		2146E5C81C04944000932B3E /* Config */ = {
			isa = PBXGroup;
			children = (
				2146E5C91C04944000932B3E /* XmlSetting.h */,
			);
			path = Config;
			sourceTree = "<group>";
		};
		2146E5CA1C04944000932B3E /* Controllers */ = {
			isa = PBXGroup;
			children = (
				2146E5CB1C04944000932B3E /* MidiController.h */,
			);
			path = Controllers;
			sourceTree = "<group>";
		};
		2146E5CC1C04944000932B3E /* Libs */ = {
			isa = PBXGroup;
			children = (
				2146E5CD1C04944000932B3E /* KineticShape.h */,
				2146E5CE1C04944000932B3E /* ParticleSystem.h */,
				2146E5CF1C04944000932B3E /* SpriteManager.h */,
				2146E6181C0494CE00932B3E /* ofxOregaYokuTsukau.h */,
			);
			path = Libs;
			sourceTree = "<group>";
		};
		2146E5D01C04944000932B3E /* Scenes */ = {
			isa = PBXGroup;
			children = (
			);
			path = Scenes;
			sourceTree = "<group>";
		};
		2146E5D11C04944000932B3E /* Utils */ = {
			isa = PBXGroup;
			children = (
			);
			path = Utils;
			sourceTree = "<group>";
		};
		2146E5D21C04944000932B3E /* Views */ = {
			isa = PBXGroup;
			children = (
				2146E5D31C04944000932B3E /* FandamentalShapeRect.h */,
			);
			path = Views;
			sourceTree = "<group>";
		};
		2146E5D41C04949600932B3E /* ofxXmlSettings */ = {
			isa = PBXGroup;
			children = (
				2146E5D51C04949600932B3E /* src */,
				2146E5D81C04949600932B3E /* libs */,
			);
			name = ofxXmlSettings;
			sourceTree = "<group>";
		};
		2146E5D51C04949600932B3E /* src */ = {
			isa = PBXGroup;
			children = (
				2146E5D61C04949600932B3E /* ofxXmlSettings.cpp */,
				2146E5D71C04949600932B3E /* ofxXmlSettings.h */,
			);
			name = src;
			path = ../../../../asobu/addons/ofxXmlSettings/src;
			sourceTree = "<group>";
		};
		2146E5D81C04949600932B3E /* libs */ = {
			isa = PBXGroup;
			children = (
				2146E5D91C04949600932B3E /* tinyxml.cpp */,
				2146E5DA1C04949600932B3E /* tinyxml.h */,
				2146E5DB1C04949600932B3E /* tinyxmlerror.cpp */,
				2146E5DC1C04949600932B3E /* tinyxmlparser.cpp */,
			);
			name = libs;
			path = ../../../../asobu/addons/ofxXmlSettings/libs;
			sourceTree = "<group>";
		};
		2146E5E11C04949F00932B3E /* ofxOsc */ = {
			isa = PBXGroup;
			children = (
				2146E5E21C04949F00932B3E /* src */,
				2146E5EF1C04949F00932B3E /* libs */,
			);
			name = ofxOsc;
			sourceTree = "<group>";
		};
		2146E5E21C04949F00932B3E /* src */ = {
			isa = PBXGroup;
			children = (
				2146E5E31C04949F00932B3E /* ofxOsc.h */,
				2146E5E41C04949F00932B3E /* ofxOscArg.h */,
				2146E5E51C04949F00932B3E /* ofxOscBundle.cpp */,
				2146E5E61C04949F00932B3E /* ofxOscBundle.h */,
				2146E5E71C04949F00932B3E /* ofxOscMessage.cpp */,
				2146E5E81C04949F00932B3E /* ofxOscMessage.h */,
				2146E5E91C04949F00932B3E /* ofxOscParameterSync.cpp */,
				2146E5EA1C04949F00932B3E /* ofxOscParameterSync.h */,
				2146E5EB1C04949F00932B3E /* ofxOscReceiver.cpp */,
				2146E5EC1C04949F00932B3E /* ofxOscReceiver.h */,
				2146E5ED1C04949F00932B3E /* ofxOscSender.cpp */,
				2146E5EE1C04949F00932B3E /* ofxOscSender.h */,
			);
			name = src;
			path = ../../../../asobu/addons/ofxOsc/src;
			sourceTree = "<group>";
		};
		2146E5EF1C04949F00932B3E /* libs */ = {
			isa = PBXGroup;
			children = (
				2146E5F01C04949F00932B3E /* oscpack */,
			);
			name = libs;
			path = ../../../../asobu/addons/ofxOsc/libs;
			sourceTree = "<group>";
		};
		2146E5F01C04949F00932B3E /* oscpack */ = {
			isa = PBXGroup;
			children = (
				2146E5F11C04949F00932B3E /* src */,
			);
			path = oscpack;
			sourceTree = "<group>";
		};
		2146E5F11C04949F00932B3E /* src */ = {
			isa = PBXGroup;
			children = (
				2146E5F21C04949F00932B3E /* ip */,
				2146E5FF1C04949F00932B3E /* osc */,
			);
			path = src;
			sourceTree = "<group>";
		};
		2146E5F21C04949F00932B3E /* ip */ = {
			isa = PBXGroup;
			children = (
				2146E5F31C04949F00932B3E /* IpEndpointName.cpp */,
				2146E5F41C04949F00932B3E /* IpEndpointName.h */,
				2146E5F51C04949F00932B3E /* NetworkingUtils.h */,
				2146E5F61C04949F00932B3E /* PacketListener.h */,
				2146E5F71C04949F00932B3E /* posix */,
				2146E5FA1C04949F00932B3E /* TimerListener.h */,
				2146E5FB1C04949F00932B3E /* UdpSocket.h */,
			);
			path = ip;
			sourceTree = "<group>";
		};
		2146E5F71C04949F00932B3E /* posix */ = {
			isa = PBXGroup;
			children = (
				2146E5F81C04949F00932B3E /* NetworkingUtils.cpp */,
				2146E5F91C04949F00932B3E /* UdpSocket.cpp */,
			);
			path = posix;
			sourceTree = "<group>";
		};
		2146E5FF1C04949F00932B3E /* osc */ = {
			isa = PBXGroup;
			children = (
				2146E6001C04949F00932B3E /* MessageMappingOscPacketListener.h */,
				2146E6011C04949F00932B3E /* OscException.h */,
				2146E6021C04949F00932B3E /* OscHostEndianness.h */,
				2146E6031C04949F00932B3E /* OscOutboundPacketStream.cpp */,
				2146E6041C04949F00932B3E /* OscOutboundPacketStream.h */,
				2146E6051C04949F00932B3E /* OscPacketListener.h */,
				2146E6061C04949F00932B3E /* OscPrintReceivedElements.cpp */,
				2146E6071C04949F00932B3E /* OscPrintReceivedElements.h */,
				2146E6081C04949F00932B3E /* OscReceivedElements.cpp */,
				2146E6091C04949F00932B3E /* OscReceivedElements.h */,
				2146E60A1C04949F00932B3E /* OscTypes.cpp */,
				2146E60B1C04949F00932B3E /* OscTypes.h */,
			);
			path = osc;
			sourceTree = "<group>";
		};
		2146E6191C0495B900932B3E /* ofxMidi */ = {
			isa = PBXGroup;
			children = (
				2146E61A1C0495B900932B3E /* src */,
				2146E6371C0495B900932B3E /* libs */,
				2146E6461C0495B900932B3E /* CoreMIDI.framework */,
			);
			name = ofxMidi;
			sourceTree = "<group>";
		};
		2146E61A1C0495B900932B3E /* src */ = {
			isa = PBXGroup;
			children = (
				2146E61B1C0495B900932B3E /* desktop */,
				2146E62B1C0495B900932B3E /* ofxBaseMidi.cpp */,
				2146E62C1C0495B900932B3E /* ofxBaseMidi.h */,
				2146E62D1C0495B900932B3E /* ofxMidi.cpp */,
				2146E62E1C0495B900932B3E /* ofxMidi.h */,
				2146E62F1C0495B900932B3E /* ofxMidiConstants.h */,
				2146E6301C0495B900932B3E /* ofxMidiIn.cpp */,
				2146E6311C0495B900932B3E /* ofxMidiIn.h */,
				2146E6321C0495B900932B3E /* ofxMidiMessage.cpp */,
				2146E6331C0495B900932B3E /* ofxMidiMessage.h */,
				2146E6341C0495B900932B3E /* ofxMidiOut.cpp */,
				2146E6351C0495B900932B3E /* ofxMidiOut.h */,
				2146E6361C0495B900932B3E /* ofxMidiTypes.h */,
			);
			name = src;
			path = ../../../../asobu/addons/ofxMidi/src;
			sourceTree = "<group>";
		};
		2146E61B1C0495B900932B3E /* desktop */ = {
			isa = PBXGroup;
			children = (
				2146E61C1C0495B900932B3E /* ofxRtMidiIn.cpp */,
				2146E61D1C0495B900932B3E /* ofxRtMidiIn.h */,
				2146E61E1C0495B900932B3E /* ofxRtMidiOut.cpp */,
				2146E61F1C0495B900932B3E /* ofxRtMidiOut.h */,
			);
			path = desktop;
			sourceTree = "<group>";
		};
		2146E6371C0495B900932B3E /* libs */ = {
			isa = PBXGroup;
			children = (
				2146E6421C0495B900932B3E /* rtmidi */,
			);
			name = libs;
			path = ../../../../asobu/addons/ofxMidi/libs;
			sourceTree = "<group>";
		};
		2146E6421C0495B900932B3E /* rtmidi */ = {
			isa = PBXGroup;
			children = (
				2146E6431C0495B900932B3E /* readme */,
				2146E6441C0495B900932B3E /* RtMidi.cpp */,
				2146E6451C0495B900932B3E /* RtMidi.h */,
			);
			path = rtmidi;
			sourceTree = "<group>";
		};
		6948EE371B920CB800B5AC1A /* local_addons */ = {
			isa = PBXGroup;
			children = (
			);
			name = local_addons;
			sourceTree = "<group>";
		};
		BB4B014C10F69532006C3DED /* addons */ = {
			isa = PBXGroup;
			children = (
				2146E5D41C04949600932B3E /* ofxXmlSettings */,
				2146E5E11C04949F00932B3E /* ofxOsc */,
				2146E6191C0495B900932B3E /* ofxMidi */,
			);
			name = addons;
			sourceTree = "<group>";
		};
		E4328144138ABC890047C5CB /* Products */ = {
			isa = PBXGroup;
			children = (
				E4328148138ABC890047C5CB /* openFrameworksDebug.a */,
			);
			name = Products;
			sourceTree = "<group>";
		};
		E4B69B4A0A3A1720003C02F2 = {
			isa = PBXGroup;
			children = (
				E4B6FCAD0C3E899E008CF71C /* openFrameworks-Info.plist */,
				E4EB6923138AFD0F00A09F29 /* Project.xcconfig */,
				E4B69E1C0A3A1BDC003C02F2 /* src */,
				E4EEC9E9138DF44700A80321 /* openFrameworks */,
				BB4B014C10F69532006C3DED /* addons */,
				6948EE371B920CB800B5AC1A /* local_addons */,
				E4B69B5B0A3A1756003C02F2 /* sembonzakuraDebug.app */,
			);
			sourceTree = "<group>";
		};
		E4B69E1C0A3A1BDC003C02F2 /* src */ = {
			isa = PBXGroup;
			children = (
				2146E5C71C04944000932B3E /* Arrangers */,
				2146E5C81C04944000932B3E /* Config */,
				2146E5CA1C04944000932B3E /* Controllers */,
				2146E5CC1C04944000932B3E /* Libs */,
				2146E5D01C04944000932B3E /* Scenes */,
				2146E5D11C04944000932B3E /* Utils */,
				2146E5D21C04944000932B3E /* Views */,
				E4B69E1D0A3A1BDC003C02F2 /* main.cpp */,
				E4B69E1E0A3A1BDC003C02F2 /* ofApp.cpp */,
				E4B69E1F0A3A1BDC003C02F2 /* ofApp.h */,
			);
			path = src;
			sourceTree = SOURCE_ROOT;
		};
		E4EEC9E9138DF44700A80321 /* openFrameworks */ = {
			isa = PBXGroup;
			children = (
				E4EB691F138AFCF100A09F29 /* CoreOF.xcconfig */,
				E4328143138ABC890047C5CB /* openFrameworksLib.xcodeproj */,
			);
			name = openFrameworks;
			sourceTree = "<group>";
		};
/* End PBXGroup section */

/* Begin PBXNativeTarget section */
		E4B69B5A0A3A1756003C02F2 /* sembonzakura */ = {
			isa = PBXNativeTarget;
			buildConfigurationList = E4B69B5F0A3A1757003C02F2 /* Build configuration list for PBXNativeTarget "sembonzakura" */;
			buildPhases = (
				E4B69B580A3A1756003C02F2 /* Sources */,
				E4B69B590A3A1756003C02F2 /* Frameworks */,
				E4B6FFFD0C3F9AB9008CF71C /* ShellScript */,
				E4C2427710CC5ABF004149E2 /* CopyFiles */,
			);
			buildRules = (
			);
			dependencies = (
				E4EEB9AC138B136A00A80321 /* PBXTargetDependency */,
			);
			name = sembonzakura;
			productName = myOFApp;
			productReference = E4B69B5B0A3A1756003C02F2 /* sembonzakuraDebug.app */;
			productType = "com.apple.product-type.application";
		};
/* End PBXNativeTarget section */

/* Begin PBXProject section */
		E4B69B4C0A3A1720003C02F2 /* Project object */ = {
			isa = PBXProject;
			attributes = {
				LastUpgradeCheck = 0600;
			};
			buildConfigurationList = E4B69B4D0A3A1720003C02F2 /* Build configuration list for PBXProject "sembonzakura" */;
			compatibilityVersion = "Xcode 3.2";
			developmentRegion = English;
			hasScannedForEncodings = 0;
			knownRegions = (
				English,
				Japanese,
				French,
				German,
			);
			mainGroup = E4B69B4A0A3A1720003C02F2;
			productRefGroup = E4B69B4A0A3A1720003C02F2;
			projectDirPath = "";
			projectReferences = (
				{
					ProductGroup = E4328144138ABC890047C5CB /* Products */;
					ProjectRef = E4328143138ABC890047C5CB /* openFrameworksLib.xcodeproj */;
				},
			);
			projectRoot = "";
			targets = (
				E4B69B5A0A3A1756003C02F2 /* sembonzakura */,
			);
		};
/* End PBXProject section */

/* Begin PBXReferenceProxy section */
		E4328148138ABC890047C5CB /* openFrameworksDebug.a */ = {
			isa = PBXReferenceProxy;
			fileType = archive.ar;
			path = openFrameworksDebug.a;
			remoteRef = E4328147138ABC890047C5CB /* PBXContainerItemProxy */;
			sourceTree = BUILT_PRODUCTS_DIR;
		};
/* End PBXReferenceProxy section */

/* Begin PBXShellScriptBuildPhase section */
		E4B6FFFD0C3F9AB9008CF71C /* ShellScript */ = {
			isa = PBXShellScriptBuildPhase;
			buildActionMask = 2147483647;
			files = (
			);
			inputPaths = (
			);
			outputPaths = (
			);
			runOnlyForDeploymentPostprocessing = 0;
			shellPath = /bin/sh;
			shellScript = "rsync -aved ../../../libs/fmodex/lib/osx/libfmodex.dylib \"$TARGET_BUILD_DIR/$PRODUCT_NAME.app/Contents/MacOS/\"; install_name_tool -change ./libfmodex.dylib @executable_path/libfmodex.dylib \"$TARGET_BUILD_DIR/$PRODUCT_NAME.app/Contents/MacOS/$PRODUCT_NAME\";\nmkdir -p \"$TARGET_BUILD_DIR/$PRODUCT_NAME.app/Contents/Resources/\"\nrsync -aved \"$ICON_FILE\" \"$TARGET_BUILD_DIR/$PRODUCT_NAME.app/Contents/Resources/\"\nrsync -aved ../../../libs/glut/lib/osx/GLUT.framework \"$TARGET_BUILD_DIR/$PRODUCT_NAME.app/Contents/Frameworks/\"\n";
		};
/* End PBXShellScriptBuildPhase section */

/* Begin PBXSourcesBuildPhase section */
		E4B69B580A3A1756003C02F2 /* Sources */ = {
			isa = PBXSourcesBuildPhase;
			buildActionMask = 2147483647;
			files = (
				2146E5DD1C04949600932B3E /* ofxXmlSettings.cpp in Sources */,
				2146E60D1C04949F00932B3E /* ofxOscMessage.cpp in Sources */,
				2146E64D1C0495B900932B3E /* ofxMidiIn.cpp in Sources */,
				2146E5DE1C04949600932B3E /* tinyxml.cpp in Sources */,
				2146E6151C04949F00932B3E /* OscPrintReceivedElements.cpp in Sources */,
				2146E60E1C04949F00932B3E /* ofxOscParameterSync.cpp in Sources */,
				2146E6101C04949F00932B3E /* ofxOscSender.cpp in Sources */,
				2146E6491C0495B900932B3E /* ofxRtMidiIn.cpp in Sources */,
				2146E64E1C0495B900932B3E /* ofxMidiMessage.cpp in Sources */,
				E4B69E200A3A1BDC003C02F2 /* main.cpp in Sources */,
				2146E6131C04949F00932B3E /* UdpSocket.cpp in Sources */,
				2146E5DF1C04949600932B3E /* tinyxmlerror.cpp in Sources */,
				2146E64B1C0495B900932B3E /* ofxBaseMidi.cpp in Sources */,
				2146E6121C04949F00932B3E /* NetworkingUtils.cpp in Sources */,
				2146E64F1C0495B900932B3E /* ofxMidiOut.cpp in Sources */,
				2146E64C1C0495B900932B3E /* ofxMidi.cpp in Sources */,
				2146E64A1C0495B900932B3E /* ofxRtMidiOut.cpp in Sources */,
				2146E60F1C04949F00932B3E /* ofxOscReceiver.cpp in Sources */,
				2146E6161C04949F00932B3E /* OscReceivedElements.cpp in Sources */,
				2146E5E01C04949600932B3E /* tinyxmlparser.cpp in Sources */,
				E4B69E210A3A1BDC003C02F2 /* ofApp.cpp in Sources */,
				2146E6141C04949F00932B3E /* OscOutboundPacketStream.cpp in Sources */,
				2146E6501C0495B900932B3E /* RtMidi.cpp in Sources */,
				2146E6171C04949F00932B3E /* OscTypes.cpp in Sources */,
				2146E6111C04949F00932B3E /* IpEndpointName.cpp in Sources */,
				2146E60C1C04949F00932B3E /* ofxOscBundle.cpp in Sources */,
			);
			runOnlyForDeploymentPostprocessing = 0;
		};
/* End PBXSourcesBuildPhase section */

/* Begin PBXTargetDependency section */
		E4EEB9AC138B136A00A80321 /* PBXTargetDependency */ = {
			isa = PBXTargetDependency;
			name = openFrameworks;
			targetProxy = E4EEB9AB138B136A00A80321 /* PBXContainerItemProxy */;
		};
/* End PBXTargetDependency section */

/* Begin XCBuildConfiguration section */
		E4B69B4E0A3A1720003C02F2 /* Debug */ = {
			isa = XCBuildConfiguration;
			baseConfigurationReference = E4EB6923138AFD0F00A09F29 /* Project.xcconfig */;
			buildSettings = {
				CONFIGURATION_BUILD_DIR = "$(SRCROOT)/bin/";
				COPY_PHASE_STRIP = NO;
				DEAD_CODE_STRIPPING = YES;
				GCC_AUTO_VECTORIZATION = YES;
				GCC_ENABLE_SSE3_EXTENSIONS = YES;
				GCC_ENABLE_SUPPLEMENTAL_SSE3_INSTRUCTIONS = YES;
				GCC_INLINES_ARE_PRIVATE_EXTERN = NO;
				GCC_OPTIMIZATION_LEVEL = 0;
				GCC_SYMBOLS_PRIVATE_EXTERN = NO;
				GCC_WARN_ABOUT_DEPRECATED_FUNCTIONS = YES;
				GCC_WARN_ABOUT_INVALID_OFFSETOF_MACRO = NO;
				GCC_WARN_ALLOW_INCOMPLETE_PROTOCOL = NO;
				GCC_WARN_UNINITIALIZED_AUTOS = NO;
				GCC_WARN_UNUSED_VALUE = NO;
				GCC_WARN_UNUSED_VARIABLE = NO;
				MACOSX_DEPLOYMENT_TARGET = 10.8;
				ONLY_ACTIVE_ARCH = YES;
				OTHER_CPLUSPLUSFLAGS = (
					"-D__MACOSX_CORE__",
					"-mtune=native",
				);
				SDKROOT = macosx;
			};
			name = Debug;
		};
		E4B69B4F0A3A1720003C02F2 /* Release */ = {
			isa = XCBuildConfiguration;
			baseConfigurationReference = E4EB6923138AFD0F00A09F29 /* Project.xcconfig */;
			buildSettings = {
				CONFIGURATION_BUILD_DIR = "$(SRCROOT)/bin/";
				COPY_PHASE_STRIP = YES;
				DEAD_CODE_STRIPPING = YES;
				GCC_AUTO_VECTORIZATION = YES;
				GCC_ENABLE_SSE3_EXTENSIONS = YES;
				GCC_ENABLE_SUPPLEMENTAL_SSE3_INSTRUCTIONS = YES;
				GCC_INLINES_ARE_PRIVATE_EXTERN = NO;
				GCC_OPTIMIZATION_LEVEL = 3;
				GCC_SYMBOLS_PRIVATE_EXTERN = NO;
				GCC_UNROLL_LOOPS = YES;
				GCC_WARN_ABOUT_DEPRECATED_FUNCTIONS = YES;
				GCC_WARN_ABOUT_INVALID_OFFSETOF_MACRO = NO;
				GCC_WARN_ALLOW_INCOMPLETE_PROTOCOL = NO;
				GCC_WARN_UNINITIALIZED_AUTOS = NO;
				GCC_WARN_UNUSED_VALUE = NO;
				GCC_WARN_UNUSED_VARIABLE = NO;
				MACOSX_DEPLOYMENT_TARGET = 10.8;
				OTHER_CPLUSPLUSFLAGS = (
					"-D__MACOSX_CORE__",
					"-mtune=native",
				);
				SDKROOT = macosx;
			};
			name = Release;
		};
		E4B69B600A3A1757003C02F2 /* Debug */ = {
			isa = XCBuildConfiguration;
			baseConfigurationReference = E4EB6923138AFD0F00A09F29 /* Project.xcconfig */;
			buildSettings = {
				COMBINE_HIDPI_IMAGES = YES;
				COPY_PHASE_STRIP = NO;
				FRAMEWORK_SEARCH_PATHS = (
					"$(inherited)",
					"$(FRAMEWORK_SEARCH_PATHS_QUOTED_FOR_TARGET_1)",
				);
				FRAMEWORK_SEARCH_PATHS_QUOTED_FOR_TARGET_1 = "\"$(SRCROOT)/../../../libs/glut/lib/osx\"";
				GCC_DYNAMIC_NO_PIC = NO;
				GCC_GENERATE_DEBUGGING_SYMBOLS = YES;
				GCC_MODEL_TUNING = NONE;
				ICON = "$(ICON_NAME_DEBUG)";
				ICON_FILE = "$(ICON_FILE_PATH)$(ICON)";
				INFOPLIST_FILE = "openFrameworks-Info.plist";
				INSTALL_PATH = "$(HOME)/Applications";
				LIBRARY_SEARCH_PATHS = "$(inherited)";
				PRODUCT_NAME = "$(TARGET_NAME)Debug";
				USER_HEADER_SEARCH_PATHS = "";
				WRAPPER_EXTENSION = app;
			};
			name = Debug;
		};
		E4B69B610A3A1757003C02F2 /* Release */ = {
			isa = XCBuildConfiguration;
			baseConfigurationReference = E4EB6923138AFD0F00A09F29 /* Project.xcconfig */;
			buildSettings = {
				COMBINE_HIDPI_IMAGES = YES;
				COPY_PHASE_STRIP = YES;
				FRAMEWORK_SEARCH_PATHS = (
					"$(inherited)",
					"$(FRAMEWORK_SEARCH_PATHS_QUOTED_FOR_TARGET_1)",
				);
				FRAMEWORK_SEARCH_PATHS_QUOTED_FOR_TARGET_1 = "\"$(SRCROOT)/../../../libs/glut/lib/osx\"";
				GCC_GENERATE_DEBUGGING_SYMBOLS = YES;
				GCC_MODEL_TUNING = NONE;
				ICON = "$(ICON_NAME_RELEASE)";
				ICON_FILE = "$(ICON_FILE_PATH)$(ICON)";
				INFOPLIST_FILE = "openFrameworks-Info.plist";
				INSTALL_PATH = "$(HOME)/Applications";
				LIBRARY_SEARCH_PATHS = "$(inherited)";
				PRODUCT_NAME = "$(TARGET_NAME)";
				USER_HEADER_SEARCH_PATHS = "";
				WRAPPER_EXTENSION = app;
				baseConfigurationReference = E4EB6923138AFD0F00A09F29;
			};
			name = Release;
		};
/* End XCBuildConfiguration section */

/* Begin XCConfigurationList section */
		E4B69B4D0A3A1720003C02F2 /* Build configuration list for PBXProject "sembonzakura" */ = {
			isa = XCConfigurationList;
			buildConfigurations = (
				E4B69B4E0A3A1720003C02F2 /* Debug */,
				E4B69B4F0A3A1720003C02F2 /* Release */,
			);
			defaultConfigurationIsVisible = 0;
			defaultConfigurationName = Release;
		};
		E4B69B5F0A3A1757003C02F2 /* Build configuration list for PBXNativeTarget "sembonzakura" */ = {
			isa = XCConfigurationList;
			buildConfigurations = (
				E4B69B600A3A1757003C02F2 /* Debug */,
				E4B69B610A3A1757003C02F2 /* Release */,
			);
			defaultConfigurationIsVisible = 0;
			defaultConfigurationName = Release;
		};
/* End XCConfigurationList section */
	};
	rootObject = E4B69B4C0A3A1720003C02F2 /* Project object */;
}
